
Microsoft Visual Studio Solution File, Format Version 12.00
# Visual Studio Version 16
VisualStudioVersion = 16.0.31205.134
MinimumVisualStudioVersion = 10.0.40219.1
Project("{2150E333-8FDC-42A3-9474-1A3956D46DE8}") = "src", "src", "{71EC472F-C43B-4999-8C29-D624B0616E10}"
EndProject
Project("{2150E333-8FDC-42A3-9474-1A3956D46DE8}") = "test", "test", "{28B1F471-1E67-43E4-A3E9-CDA6BBDA186B}"
EndProject
Project("{2150E333-8FDC-42A3-9474-1A3956D46DE8}") = "1 - Presentation", "1 - Presentation", "{12A4173B-9423-4137-AC9C-D07D892493C0}"
EndProject
Project("{2150E333-8FDC-42A3-9474-1A3956D46DE8}") = "2 - Services", "2 - Services", "{11243658-E0A8-43BB-B3DC-DAD16ADAA4D1}"
EndProject
Project("{2150E333-8FDC-42A3-9474-1A3956D46DE8}") = "4 - Domain", "4 - Domain", "{B96BB013-6B3C-4B0B-A6F1-ECC00FEEB226}"
EndProject
Project("{2150E333-8FDC-42A3-9474-1A3956D46DE8}") = "5 - Infra", "5 - Infra", "{343708C7-725F-4B06-AD6F-D4D9674C2C8C}"
EndProject
Project("{2150E333-8FDC-42A3-9474-1A3956D46DE8}") = "5.1 - Data", "5.1 - Data", "{51896477-8F5D-44EF-A3AE-107B126685E2}"
EndProject
Project("{2150E333-8FDC-42A3-9474-1A3956D46DE8}") = "5.2 - CrossCutting", "5.2 - CrossCutting", "{27786067-7F33-4B64-BA82-22B8C6086450}"
EndProject
Project("{9A19103F-16F7-4668-BE54-9A1E7A4F7556}") = "Cpnucleo.Domain", "src\Cpnucleo.Domain\Cpnucleo.Domain.csproj", "{91E8903D-ECE5-4018-91E2-A41DA4B5607A}"
EndProject
Project("{9A19103F-16F7-4668-BE54-9A1E7A4F7556}") = "Cpnucleo.Infra.Data", "src\Cpnucleo.Infra.Data\Cpnucleo.Infra.Data.csproj", "{22ABDEA2-0543-4A77-8E20-303A0B8A215C}"
EndProject
Project("{9A19103F-16F7-4668-BE54-9A1E7A4F7556}") = "Cpnucleo.Infra.CrossCutting.IoC", "src\Cpnucleo.Infra.CrossCutting.IoC\Cpnucleo.Infra.CrossCutting.IoC.csproj", "{067D2F1B-EEA1-41C5-B051-775EFC34C847}"
EndProject
Project("{9A19103F-16F7-4668-BE54-9A1E7A4F7556}") = "Cpnucleo.Infra.CrossCutting.Security", "src\Cpnucleo.Infra.CrossCutting.Security\Cpnucleo.Infra.CrossCutting.Security.csproj", "{EBEC6831-438B-49C2-A3C3-239FEFCDDDA3}"
EndProject
Project("{9A19103F-16F7-4668-BE54-9A1E7A4F7556}") = "Cpnucleo.API", "src\Cpnucleo.API\Cpnucleo.API.csproj", "{F0A8F477-DD50-441F-BEE4-A848B21DE4C6}"
EndProject
Project("{9A19103F-16F7-4668-BE54-9A1E7A4F7556}") = "Cpnucleo.GRPC", "src\Cpnucleo.GRPC\Cpnucleo.GRPC.csproj", "{F4DBB680-C8C8-4279-8491-43860480A0E6}"
EndProject
Project("{9A19103F-16F7-4668-BE54-9A1E7A4F7556}") = "Cpnucleo.RazorPages", "src\Cpnucleo.RazorPages\Cpnucleo.RazorPages.csproj", "{14382D56-F01B-4E9C-90FC-4F73B9137310}"
EndProject
Project("{9A19103F-16F7-4668-BE54-9A1E7A4F7556}") = "Cpnucleo.Blazor", "src\Cpnucleo.Blazor\Cpnucleo.Blazor.csproj", "{06D55D49-7849-4413-A0A6-784C0C9F4C19}"
EndProject
Project("{2150E333-8FDC-42A3-9474-1A3956D46DE8}") = "Solution Items", "Solution Items", "{3249E531-CFB2-4B20-BBEF-12ACD8812F59}"
	ProjectSection(SolutionItems) = preProject
		global.json = global.json
	EndProjectSection
EndProject
Project("{9A19103F-16F7-4668-BE54-9A1E7A4F7556}") = "Cpnucleo.Infra.CrossCutting.Util", "src\Cpnucleo.Infra.CrossCutting.Util\Cpnucleo.Infra.CrossCutting.Util.csproj", "{CAE8B644-8FC6-4923-8088-5CA97528B369}"
EndProject
Project("{2150E333-8FDC-42A3-9474-1A3956D46DE8}") = "3 - Application", "3 - Application", "{5AF7028A-8D26-4F15-BB4D-15E9444EF5FE}"
EndProject
Project("{9A19103F-16F7-4668-BE54-9A1E7A4F7556}") = "Cpnucleo.Application", "src\Cpnucleo.Application\Cpnucleo.Application.csproj", "{67EB6264-50E6-4B64-821C-74EA29A7E920}"
EndProject
Project("{9A19103F-16F7-4668-BE54-9A1E7A4F7556}") = "Cpnucleo.MVC", "src\Cpnucleo.MVC\Cpnucleo.MVC.csproj", "{A164E433-E7C4-4F8A-B791-F89C0DA2C132}"
EndProject
Project("{2150E333-8FDC-42A3-9474-1A3956D46DE8}") = "3 - Application", "3 - Application", "{065177B7-0506-4914-88AA-C5B5B6F538BE}"
EndProject
Project("{FAE04EC0-301F-11D3-BF4B-00C04F79EFBC}") = "Cpnucleo.Application.Test", "test\Cpnucleo.Application.Test\Cpnucleo.Application.Test.csproj", "{B26E12FF-3739-454C-A2FE-6597A55069A9}"
EndProject
Global
	GlobalSection(SolutionConfigurationPlatforms) = preSolution
		Debug|Any CPU = Debug|Any CPU
		Release|Any CPU = Release|Any CPU
	EndGlobalSection
	GlobalSection(ProjectConfigurationPlatforms) = postSolution
		{91E8903D-ECE5-4018-91E2-A41DA4B5607A}.Debug|Any CPU.ActiveCfg = Debug|Any CPU
		{91E8903D-ECE5-4018-91E2-A41DA4B5607A}.Debug|Any CPU.Build.0 = Debug|Any CPU
		{91E8903D-ECE5-4018-91E2-A41DA4B5607A}.Release|Any CPU.ActiveCfg = Release|Any CPU
		{91E8903D-ECE5-4018-91E2-A41DA4B5607A}.Release|Any CPU.Build.0 = Release|Any CPU
		{22ABDEA2-0543-4A77-8E20-303A0B8A215C}.Debug|Any CPU.ActiveCfg = Debug|Any CPU
		{22ABDEA2-0543-4A77-8E20-303A0B8A215C}.Debug|Any CPU.Build.0 = Debug|Any CPU
		{22ABDEA2-0543-4A77-8E20-303A0B8A215C}.Release|Any CPU.ActiveCfg = Release|Any CPU
		{22ABDEA2-0543-4A77-8E20-303A0B8A215C}.Release|Any CPU.Build.0 = Release|Any CPU
		{067D2F1B-EEA1-41C5-B051-775EFC34C847}.Debug|Any CPU.ActiveCfg = Debug|Any CPU
		{067D2F1B-EEA1-41C5-B051-775EFC34C847}.Debug|Any CPU.Build.0 = Debug|Any CPU
		{067D2F1B-EEA1-41C5-B051-775EFC34C847}.Release|Any CPU.ActiveCfg = Release|Any CPU
		{067D2F1B-EEA1-41C5-B051-775EFC34C847}.Release|Any CPU.Build.0 = Release|Any CPU
		{EBEC6831-438B-49C2-A3C3-239FEFCDDDA3}.Debug|Any CPU.ActiveCfg = Debug|Any CPU
		{EBEC6831-438B-49C2-A3C3-239FEFCDDDA3}.Debug|Any CPU.Build.0 = Debug|Any CPU
		{EBEC6831-438B-49C2-A3C3-239FEFCDDDA3}.Release|Any CPU.ActiveCfg = Release|Any CPU
		{EBEC6831-438B-49C2-A3C3-239FEFCDDDA3}.Release|Any CPU.Build.0 = Release|Any CPU
		{F0A8F477-DD50-441F-BEE4-A848B21DE4C6}.Debug|Any CPU.ActiveCfg = Debug|Any CPU
		{F0A8F477-DD50-441F-BEE4-A848B21DE4C6}.Debug|Any CPU.Build.0 = Debug|Any CPU
		{F0A8F477-DD50-441F-BEE4-A848B21DE4C6}.Release|Any CPU.ActiveCfg = Release|Any CPU
		{F0A8F477-DD50-441F-BEE4-A848B21DE4C6}.Release|Any CPU.Build.0 = Release|Any CPU
		{F4DBB680-C8C8-4279-8491-43860480A0E6}.Debug|Any CPU.ActiveCfg = Debug|Any CPU
		{F4DBB680-C8C8-4279-8491-43860480A0E6}.Debug|Any CPU.Build.0 = Debug|Any CPU
		{F4DBB680-C8C8-4279-8491-43860480A0E6}.Release|Any CPU.ActiveCfg = Release|Any CPU
		{F4DBB680-C8C8-4279-8491-43860480A0E6}.Release|Any CPU.Build.0 = Release|Any CPU
		{14382D56-F01B-4E9C-90FC-4F73B9137310}.Debug|Any CPU.ActiveCfg = Debug|Any CPU
		{14382D56-F01B-4E9C-90FC-4F73B9137310}.Debug|Any CPU.Build.0 = Debug|Any CPU
		{14382D56-F01B-4E9C-90FC-4F73B9137310}.Release|Any CPU.ActiveCfg = Release|Any CPU
		{14382D56-F01B-4E9C-90FC-4F73B9137310}.Release|Any CPU.Build.0 = Release|Any CPU
		{06D55D49-7849-4413-A0A6-784C0C9F4C19}.Debug|Any CPU.ActiveCfg = Debug|Any CPU
		{06D55D49-7849-4413-A0A6-784C0C9F4C19}.Debug|Any CPU.Build.0 = Debug|Any CPU
		{06D55D49-7849-4413-A0A6-784C0C9F4C19}.Release|Any CPU.ActiveCfg = Release|Any CPU
		{06D55D49-7849-4413-A0A6-784C0C9F4C19}.Release|Any CPU.Build.0 = Release|Any CPU
		{CAE8B644-8FC6-4923-8088-5CA97528B369}.Debug|Any CPU.ActiveCfg = Debug|Any CPU
		{CAE8B644-8FC6-4923-8088-5CA97528B369}.Debug|Any CPU.Build.0 = Debug|Any CPU
		{CAE8B644-8FC6-4923-8088-5CA97528B369}.Release|Any CPU.ActiveCfg = Release|Any CPU
		{CAE8B644-8FC6-4923-8088-5CA97528B369}.Release|Any CPU.Build.0 = Release|Any CPU
		{67EB6264-50E6-4B64-821C-74EA29A7E920}.Debug|Any CPU.ActiveCfg = Debug|Any CPU
		{67EB6264-50E6-4B64-821C-74EA29A7E920}.Debug|Any CPU.Build.0 = Debug|Any CPU
		{67EB6264-50E6-4B64-821C-74EA29A7E920}.Release|Any CPU.ActiveCfg = Release|Any CPU
		{67EB6264-50E6-4B64-821C-74EA29A7E920}.Release|Any CPU.Build.0 = Release|Any CPU
		{A164E433-E7C4-4F8A-B791-F89C0DA2C132}.Debug|Any CPU.ActiveCfg = Debug|Any CPU
		{A164E433-E7C4-4F8A-B791-F89C0DA2C132}.Debug|Any CPU.Build.0 = Debug|Any CPU
		{A164E433-E7C4-4F8A-B791-F89C0DA2C132}.Release|Any CPU.ActiveCfg = Release|Any CPU
		{A164E433-E7C4-4F8A-B791-F89C0DA2C132}.Release|Any CPU.Build.0 = Release|Any CPU
		{B26E12FF-3739-454C-A2FE-6597A55069A9}.Debug|Any CPU.ActiveCfg = Debug|Any CPU
		{B26E12FF-3739-454C-A2FE-6597A55069A9}.Debug|Any CPU.Build.0 = Debug|Any CPU
		{B26E12FF-3739-454C-A2FE-6597A55069A9}.Release|Any CPU.ActiveCfg = Release|Any CPU
		{B26E12FF-3739-454C-A2FE-6597A55069A9}.Release|Any CPU.Build.0 = Release|Any CPU
	EndGlobalSection
	GlobalSection(SolutionProperties) = preSolution
		HideSolutionNode = FALSE
	EndGlobalSection
	GlobalSection(NestedProjects) = preSolution
		{12A4173B-9423-4137-AC9C-D07D892493C0} = {71EC472F-C43B-4999-8C29-D624B0616E10}
		{11243658-E0A8-43BB-B3DC-DAD16ADAA4D1} = {71EC472F-C43B-4999-8C29-D624B0616E10}
		{B96BB013-6B3C-4B0B-A6F1-ECC00FEEB226} = {71EC472F-C43B-4999-8C29-D624B0616E10}
		{343708C7-725F-4B06-AD6F-D4D9674C2C8C} = {71EC472F-C43B-4999-8C29-D624B0616E10}
		{51896477-8F5D-44EF-A3AE-107B126685E2} = {343708C7-725F-4B06-AD6F-D4D9674C2C8C}
		{27786067-7F33-4B64-BA82-22B8C6086450} = {343708C7-725F-4B06-AD6F-D4D9674C2C8C}
		{91E8903D-ECE5-4018-91E2-A41DA4B5607A} = {B96BB013-6B3C-4B0B-A6F1-ECC00FEEB226}
		{22ABDEA2-0543-4A77-8E20-303A0B8A215C} = {51896477-8F5D-44EF-A3AE-107B126685E2}
		{067D2F1B-EEA1-41C5-B051-775EFC34C847} = {27786067-7F33-4B64-BA82-22B8C6086450}
		{EBEC6831-438B-49C2-A3C3-239FEFCDDDA3} = {27786067-7F33-4B64-BA82-22B8C6086450}
		{F0A8F477-DD50-441F-BEE4-A848B21DE4C6} = {11243658-E0A8-43BB-B3DC-DAD16ADAA4D1}
		{F4DBB680-C8C8-4279-8491-43860480A0E6} = {11243658-E0A8-43BB-B3DC-DAD16ADAA4D1}
		{14382D56-F01B-4E9C-90FC-4F73B9137310} = {12A4173B-9423-4137-AC9C-D07D892493C0}
		{06D55D49-7849-4413-A0A6-784C0C9F4C19} = {12A4173B-9423-4137-AC9C-D07D892493C0}
		{CAE8B644-8FC6-4923-8088-5CA97528B369} = {27786067-7F33-4B64-BA82-22B8C6086450}
		{5AF7028A-8D26-4F15-BB4D-15E9444EF5FE} = {71EC472F-C43B-4999-8C29-D624B0616E10}
		{67EB6264-50E6-4B64-821C-74EA29A7E920} = {5AF7028A-8D26-4F15-BB4D-15E9444EF5FE}
		{A164E433-E7C4-4F8A-B791-F89C0DA2C132} = {12A4173B-9423-4137-AC9C-D07D892493C0}
		{065177B7-0506-4914-88AA-C5B5B6F538BE} = {28B1F471-1E67-43E4-A3E9-CDA6BBDA186B}
		{B26E12FF-3739-454C-A2FE-6597A55069A9} = {065177B7-0506-4914-88AA-C5B5B6F538BE}
	EndGlobalSection
	GlobalSection(ExtensibilityGlobals) = postSolution
		SolutionGuid = {675F3075-5730-40F7-A628-6AE3BDBDFBB1}
	EndGlobalSection
EndGlobal
