
Microsoft Visual Studio Solution File, Format Version 12.00
# Visual Studio Version 16
VisualStudioVersion = 16.0.28407.52
MinimumVisualStudioVersion = 10.0.40219.1
Project("{2150E333-8FDC-42A3-9474-1A3956D46DE8}") = "src", "src", "{1754EB6E-EE09-461B-8A2C-ED41EC36C315}"
EndProject
Project("{2150E333-8FDC-42A3-9474-1A3956D46DE8}") = "1 - Presentation", "1 - Presentation", "{FA653B6C-C948-4E9C-8DBE-B048C52C8D62}"
EndProject
Project("{2150E333-8FDC-42A3-9474-1A3956D46DE8}") = "2 - Services", "2 - Services", "{FD9D98D7-C717-4637-B5F3-AC4CD169B354}"
EndProject
Project("{2150E333-8FDC-42A3-9474-1A3956D46DE8}") = "3 - Application", "3 - Application", "{0707CB0C-0656-4903-9519-F4AE99B29934}"
EndProject
Project("{2150E333-8FDC-42A3-9474-1A3956D46DE8}") = "4 - Domain", "4 - Domain", "{6335D7B4-CF30-4F8E-910E-823DB283D02E}"
EndProject
Project("{2150E333-8FDC-42A3-9474-1A3956D46DE8}") = "5 - Infra", "5 - Infra", "{EBCC6CC9-C39F-4506-A744-80C3CC24C788}"
EndProject
Project("{2150E333-8FDC-42A3-9474-1A3956D46DE8}") = "5.1 - Data", "5.1 - Data", "{B860DD16-4E67-4F8B-8550-A78F0EAEEBB1}"
EndProject
Project("{2150E333-8FDC-42A3-9474-1A3956D46DE8}") = "5.2 - CrossCutting", "5.2 - CrossCutting", "{B3B86CDF-C291-4F42-AB04-8ADCC079032C}"
EndProject
Project("{9A19103F-16F7-4668-BE54-9A1E7A4F7556}") = "Cpnucleo.Domain", "src\Cpnucleo.Domain\Cpnucleo.Domain.csproj", "{CD89D48D-F8A9-41FD-9EAB-55BF909B04D3}"
EndProject
Project("{9A19103F-16F7-4668-BE54-9A1E7A4F7556}") = "Cpnucleo.Infra.Data", "src\Cpnucleo.Infra.Data\Cpnucleo.Infra.Data.csproj", "{9A7D77F8-236C-40AB-AD42-9BE5913AFC33}"
EndProject
Project("{9A19103F-16F7-4668-BE54-9A1E7A4F7556}") = "Cpnucleo.Infra.CrossCutting.IoC", "src\Cpnucleo.Infra.CrossCutting.IoC\Cpnucleo.Infra.CrossCutting.IoC.csproj", "{E15A16F3-05E5-4EC3-B209-C19E93A3BE40}"
EndProject
Project("{9A19103F-16F7-4668-BE54-9A1E7A4F7556}") = "Cpnucleo.Application", "src\Cpnucleo.Application\Cpnucleo.Application.csproj", "{7C55653A-5EE4-4769-AC83-4566297E5436}"
EndProject
Project("{9A19103F-16F7-4668-BE54-9A1E7A4F7556}") = "Cpnucleo.RazorPages", "src\Cpnucleo.RazorPages\Cpnucleo.RazorPages.csproj", "{C7034E0D-AC44-4A5C-8B84-4012F5CB62B6}"
EndProject
Project("{2150E333-8FDC-42A3-9474-1A3956D46DE8}") = "Solution Items", "Solution Items", "{86A6D709-3884-419F-A7A6-B38F6FCFDBFF}"
	ProjectSection(SolutionItems) = preProject
		global.json = global.json
	EndProjectSection
EndProject
Project("{9A19103F-16F7-4668-BE54-9A1E7A4F7556}") = "Cpnucleo.Infra.CrossCutting.Identity", "src\Cpnucleo.Infra.CrossCutting.Identity\Cpnucleo.Infra.CrossCutting.Identity.csproj", "{11D89DA9-2D7B-4F9E-A6DA-5C87F18A2616}"
EndProject
Project("{9A19103F-16F7-4668-BE54-9A1E7A4F7556}") = "Cpnucleo.API", "src\Cpnucleo.API\Cpnucleo.API.csproj", "{F6059E13-AAF3-4768-B5B0-391FA9E8E6BE}"
EndProject
Project("{2150E333-8FDC-42A3-9474-1A3956D46DE8}") = "5.3 - Security", "5.3 - Security", "{004490E7-2AF2-4350-9D63-24753FFEE154}"
EndProject
Project("{9A19103F-16F7-4668-BE54-9A1E7A4F7556}") = "Cpnucleo.Infra.Security", "src\Cpnucleo.Infra.Security\Cpnucleo.Infra.Security.csproj", "{AC3755C2-999D-4947-9A60-A9F89F06ED2F}"
EndProject
Project("{9A19103F-16F7-4668-BE54-9A1E7A4F7556}") = "Cpnucleo.Infra.CrossCutting.Util", "src\Cpnucleo.Infra.CrossCutting.Util\Cpnucleo.Infra.CrossCutting.Util.csproj", "{EE101F33-D874-4F95-AF24-D062DF6EC7E7}"
EndProject
Project("{9A19103F-16F7-4668-BE54-9A1E7A4F7556}") = "Cpnucleo.Infra.CrossCutting.Communication", "src\Cpnucleo.Infra.CrossCutting.Communication\Cpnucleo.Infra.CrossCutting.Communication.csproj", "{ECE46366-137D-4F51-B83F-52E2C1BFF2C2}"
EndProject
Project("{9A19103F-16F7-4668-BE54-9A1E7A4F7556}") = "Cpnucleo.GRPC", "src\Cpnucleo.GRPC\Cpnucleo.GRPC.csproj", "{25742FEE-3040-49A3-BDA0-CA8A13DB02B1}"
EndProject
Project("{9A19103F-16F7-4668-BE54-9A1E7A4F7556}") = "Cpnucleo.Infra.CrossCutting.Communication.GRPC", "src\Cpnucleo.Infra.CrossCutting.Communication.GRPC\Cpnucleo.Infra.CrossCutting.Communication.GRPC.csproj", "{FFDEDCC8-5D0A-4C67-AA49-58BEA37BF6A0}"
EndProject
Project("{9A19103F-16F7-4668-BE54-9A1E7A4F7556}") = "Cpnucleo.RazorPages.GRPC", "src\Cpnucleo.RazorPages.GRPC\Cpnucleo.RazorPages.GRPC.csproj", "{019BF3A8-4341-47B0-AB03-99326A7C0AED}"
EndProject
Global
	GlobalSection(SolutionConfigurationPlatforms) = preSolution
		Debug|Any CPU = Debug|Any CPU
		Release|Any CPU = Release|Any CPU
	EndGlobalSection
	GlobalSection(ProjectConfigurationPlatforms) = postSolution
		{CD89D48D-F8A9-41FD-9EAB-55BF909B04D3}.Debug|Any CPU.ActiveCfg = Debug|Any CPU
		{CD89D48D-F8A9-41FD-9EAB-55BF909B04D3}.Debug|Any CPU.Build.0 = Debug|Any CPU
		{CD89D48D-F8A9-41FD-9EAB-55BF909B04D3}.Release|Any CPU.ActiveCfg = Release|Any CPU
		{CD89D48D-F8A9-41FD-9EAB-55BF909B04D3}.Release|Any CPU.Build.0 = Release|Any CPU
		{9A7D77F8-236C-40AB-AD42-9BE5913AFC33}.Debug|Any CPU.ActiveCfg = Debug|Any CPU
		{9A7D77F8-236C-40AB-AD42-9BE5913AFC33}.Debug|Any CPU.Build.0 = Debug|Any CPU
		{9A7D77F8-236C-40AB-AD42-9BE5913AFC33}.Release|Any CPU.ActiveCfg = Release|Any CPU
		{9A7D77F8-236C-40AB-AD42-9BE5913AFC33}.Release|Any CPU.Build.0 = Release|Any CPU
		{E15A16F3-05E5-4EC3-B209-C19E93A3BE40}.Debug|Any CPU.ActiveCfg = Debug|Any CPU
		{E15A16F3-05E5-4EC3-B209-C19E93A3BE40}.Debug|Any CPU.Build.0 = Debug|Any CPU
		{E15A16F3-05E5-4EC3-B209-C19E93A3BE40}.Release|Any CPU.ActiveCfg = Release|Any CPU
		{E15A16F3-05E5-4EC3-B209-C19E93A3BE40}.Release|Any CPU.Build.0 = Release|Any CPU
		{7C55653A-5EE4-4769-AC83-4566297E5436}.Debug|Any CPU.ActiveCfg = Debug|Any CPU
		{7C55653A-5EE4-4769-AC83-4566297E5436}.Debug|Any CPU.Build.0 = Debug|Any CPU
		{7C55653A-5EE4-4769-AC83-4566297E5436}.Release|Any CPU.ActiveCfg = Release|Any CPU
		{7C55653A-5EE4-4769-AC83-4566297E5436}.Release|Any CPU.Build.0 = Release|Any CPU
		{C7034E0D-AC44-4A5C-8B84-4012F5CB62B6}.Debug|Any CPU.ActiveCfg = Debug|Any CPU
		{C7034E0D-AC44-4A5C-8B84-4012F5CB62B6}.Debug|Any CPU.Build.0 = Debug|Any CPU
		{C7034E0D-AC44-4A5C-8B84-4012F5CB62B6}.Release|Any CPU.ActiveCfg = Release|Any CPU
		{C7034E0D-AC44-4A5C-8B84-4012F5CB62B6}.Release|Any CPU.Build.0 = Release|Any CPU
		{11D89DA9-2D7B-4F9E-A6DA-5C87F18A2616}.Debug|Any CPU.ActiveCfg = Debug|Any CPU
		{11D89DA9-2D7B-4F9E-A6DA-5C87F18A2616}.Debug|Any CPU.Build.0 = Debug|Any CPU
		{11D89DA9-2D7B-4F9E-A6DA-5C87F18A2616}.Release|Any CPU.ActiveCfg = Release|Any CPU
		{11D89DA9-2D7B-4F9E-A6DA-5C87F18A2616}.Release|Any CPU.Build.0 = Release|Any CPU
		{F6059E13-AAF3-4768-B5B0-391FA9E8E6BE}.Debug|Any CPU.ActiveCfg = Debug|Any CPU
		{F6059E13-AAF3-4768-B5B0-391FA9E8E6BE}.Debug|Any CPU.Build.0 = Debug|Any CPU
		{F6059E13-AAF3-4768-B5B0-391FA9E8E6BE}.Release|Any CPU.ActiveCfg = Release|Any CPU
		{F6059E13-AAF3-4768-B5B0-391FA9E8E6BE}.Release|Any CPU.Build.0 = Release|Any CPU
		{AC3755C2-999D-4947-9A60-A9F89F06ED2F}.Debug|Any CPU.ActiveCfg = Debug|Any CPU
		{AC3755C2-999D-4947-9A60-A9F89F06ED2F}.Debug|Any CPU.Build.0 = Debug|Any CPU
		{AC3755C2-999D-4947-9A60-A9F89F06ED2F}.Release|Any CPU.ActiveCfg = Release|Any CPU
		{AC3755C2-999D-4947-9A60-A9F89F06ED2F}.Release|Any CPU.Build.0 = Release|Any CPU
		{EE101F33-D874-4F95-AF24-D062DF6EC7E7}.Debug|Any CPU.ActiveCfg = Debug|Any CPU
		{EE101F33-D874-4F95-AF24-D062DF6EC7E7}.Debug|Any CPU.Build.0 = Debug|Any CPU
		{EE101F33-D874-4F95-AF24-D062DF6EC7E7}.Release|Any CPU.ActiveCfg = Release|Any CPU
		{EE101F33-D874-4F95-AF24-D062DF6EC7E7}.Release|Any CPU.Build.0 = Release|Any CPU
		{ECE46366-137D-4F51-B83F-52E2C1BFF2C2}.Debug|Any CPU.ActiveCfg = Debug|Any CPU
		{ECE46366-137D-4F51-B83F-52E2C1BFF2C2}.Debug|Any CPU.Build.0 = Debug|Any CPU
		{ECE46366-137D-4F51-B83F-52E2C1BFF2C2}.Release|Any CPU.ActiveCfg = Release|Any CPU
		{ECE46366-137D-4F51-B83F-52E2C1BFF2C2}.Release|Any CPU.Build.0 = Release|Any CPU
		{25742FEE-3040-49A3-BDA0-CA8A13DB02B1}.Debug|Any CPU.ActiveCfg = Debug|Any CPU
		{25742FEE-3040-49A3-BDA0-CA8A13DB02B1}.Debug|Any CPU.Build.0 = Debug|Any CPU
		{25742FEE-3040-49A3-BDA0-CA8A13DB02B1}.Release|Any CPU.ActiveCfg = Release|Any CPU
		{25742FEE-3040-49A3-BDA0-CA8A13DB02B1}.Release|Any CPU.Build.0 = Release|Any CPU
		{FFDEDCC8-5D0A-4C67-AA49-58BEA37BF6A0}.Debug|Any CPU.ActiveCfg = Debug|Any CPU
		{FFDEDCC8-5D0A-4C67-AA49-58BEA37BF6A0}.Debug|Any CPU.Build.0 = Debug|Any CPU
		{FFDEDCC8-5D0A-4C67-AA49-58BEA37BF6A0}.Release|Any CPU.ActiveCfg = Release|Any CPU
		{FFDEDCC8-5D0A-4C67-AA49-58BEA37BF6A0}.Release|Any CPU.Build.0 = Release|Any CPU
		{019BF3A8-4341-47B0-AB03-99326A7C0AED}.Debug|Any CPU.ActiveCfg = Debug|Any CPU
		{019BF3A8-4341-47B0-AB03-99326A7C0AED}.Debug|Any CPU.Build.0 = Debug|Any CPU
		{019BF3A8-4341-47B0-AB03-99326A7C0AED}.Release|Any CPU.ActiveCfg = Release|Any CPU
		{019BF3A8-4341-47B0-AB03-99326A7C0AED}.Release|Any CPU.Build.0 = Release|Any CPU
	EndGlobalSection
	GlobalSection(SolutionProperties) = preSolution
		HideSolutionNode = FALSE
	EndGlobalSection
	GlobalSection(NestedProjects) = preSolution
		{FA653B6C-C948-4E9C-8DBE-B048C52C8D62} = {1754EB6E-EE09-461B-8A2C-ED41EC36C315}
		{FD9D98D7-C717-4637-B5F3-AC4CD169B354} = {1754EB6E-EE09-461B-8A2C-ED41EC36C315}
		{0707CB0C-0656-4903-9519-F4AE99B29934} = {1754EB6E-EE09-461B-8A2C-ED41EC36C315}
		{6335D7B4-CF30-4F8E-910E-823DB283D02E} = {1754EB6E-EE09-461B-8A2C-ED41EC36C315}
		{EBCC6CC9-C39F-4506-A744-80C3CC24C788} = {1754EB6E-EE09-461B-8A2C-ED41EC36C315}
		{B860DD16-4E67-4F8B-8550-A78F0EAEEBB1} = {EBCC6CC9-C39F-4506-A744-80C3CC24C788}
		{B3B86CDF-C291-4F42-AB04-8ADCC079032C} = {EBCC6CC9-C39F-4506-A744-80C3CC24C788}
		{CD89D48D-F8A9-41FD-9EAB-55BF909B04D3} = {6335D7B4-CF30-4F8E-910E-823DB283D02E}
		{9A7D77F8-236C-40AB-AD42-9BE5913AFC33} = {B860DD16-4E67-4F8B-8550-A78F0EAEEBB1}
		{E15A16F3-05E5-4EC3-B209-C19E93A3BE40} = {B3B86CDF-C291-4F42-AB04-8ADCC079032C}
		{7C55653A-5EE4-4769-AC83-4566297E5436} = {0707CB0C-0656-4903-9519-F4AE99B29934}
		{C7034E0D-AC44-4A5C-8B84-4012F5CB62B6} = {FA653B6C-C948-4E9C-8DBE-B048C52C8D62}
		{11D89DA9-2D7B-4F9E-A6DA-5C87F18A2616} = {B3B86CDF-C291-4F42-AB04-8ADCC079032C}
		{F6059E13-AAF3-4768-B5B0-391FA9E8E6BE} = {FD9D98D7-C717-4637-B5F3-AC4CD169B354}
		{004490E7-2AF2-4350-9D63-24753FFEE154} = {EBCC6CC9-C39F-4506-A744-80C3CC24C788}
		{AC3755C2-999D-4947-9A60-A9F89F06ED2F} = {004490E7-2AF2-4350-9D63-24753FFEE154}
		{EE101F33-D874-4F95-AF24-D062DF6EC7E7} = {B3B86CDF-C291-4F42-AB04-8ADCC079032C}
		{ECE46366-137D-4F51-B83F-52E2C1BFF2C2} = {B3B86CDF-C291-4F42-AB04-8ADCC079032C}
		{25742FEE-3040-49A3-BDA0-CA8A13DB02B1} = {FD9D98D7-C717-4637-B5F3-AC4CD169B354}
		{FFDEDCC8-5D0A-4C67-AA49-58BEA37BF6A0} = {B3B86CDF-C291-4F42-AB04-8ADCC079032C}
		{019BF3A8-4341-47B0-AB03-99326A7C0AED} = {FA653B6C-C948-4E9C-8DBE-B048C52C8D62}
	EndGlobalSection
	GlobalSection(ExtensibilityGlobals) = postSolution
		SolutionGuid = {E4FE8CCD-5BD5-4287-8B6D-F523698604BE}
	EndGlobalSection
EndGlobal
