
Microsoft Visual Studio Solution File, Format Version 12.00
# Visual Studio Version 17
VisualStudioVersion = 17.0.31808.319
MinimumVisualStudioVersion = 10.0.40219.1
Project("{2150E333-8FDC-42A3-9474-1A3956D46DE8}") = "src", "src", "{71EC472F-C43B-4999-8C29-D624B0616E10}"
EndProject
Project("{2150E333-8FDC-42A3-9474-1A3956D46DE8}") = "1 - Presentation", "1 - Presentation", "{12A4173B-9423-4137-AC9C-D07D892493C0}"
EndProject
Project("{2150E333-8FDC-42A3-9474-1A3956D46DE8}") = "2 - Services", "2 - Services", "{11243658-E0A8-43BB-B3DC-DAD16ADAA4D1}"
EndProject
Project("{2150E333-8FDC-42A3-9474-1A3956D46DE8}") = "4 - Domain", "4 - Domain", "{B96BB013-6B3C-4B0B-A6F1-ECC00FEEB226}"
EndProject
Project("{2150E333-8FDC-42A3-9474-1A3956D46DE8}") = "5 - Infra", "5 - Infra", "{343708C7-725F-4B06-AD6F-D4D9674C2C8C}"
EndProject
Project("{9A19103F-16F7-4668-BE54-9A1E7A4F7556}") = "Cpnucleo.Domain", "src\Cpnucleo.Domain\Cpnucleo.Domain.csproj", "{91E8903D-ECE5-4018-91E2-A41DA4B5607A}"
EndProject
Project("{9A19103F-16F7-4668-BE54-9A1E7A4F7556}") = "Cpnucleo.API", "src\Cpnucleo.API\Cpnucleo.API.csproj", "{F0A8F477-DD50-441F-BEE4-A848B21DE4C6}"
EndProject
Project("{9A19103F-16F7-4668-BE54-9A1E7A4F7556}") = "Cpnucleo.RazorPages", "src\Cpnucleo.RazorPages\Cpnucleo.RazorPages.csproj", "{14382D56-F01B-4E9C-90FC-4F73B9137310}"
EndProject
Project("{9A19103F-16F7-4668-BE54-9A1E7A4F7556}") = "Cpnucleo.Blazor", "src\Cpnucleo.Blazor\Cpnucleo.Blazor.csproj", "{06D55D49-7849-4413-A0A6-784C0C9F4C19}"
EndProject
Project("{2150E333-8FDC-42A3-9474-1A3956D46DE8}") = "Solution Items", "Solution Items", "{3249E531-CFB2-4B20-BBEF-12ACD8812F59}"
	ProjectSection(SolutionItems) = preProject
		global.json = global.json
	EndProjectSection
EndProject
Project("{2150E333-8FDC-42A3-9474-1A3956D46DE8}") = "3 - Application", "3 - Application", "{5AF7028A-8D26-4F15-BB4D-15E9444EF5FE}"
EndProject
Project("{9A19103F-16F7-4668-BE54-9A1E7A4F7556}") = "Cpnucleo.Application", "src\Cpnucleo.Application\Cpnucleo.Application.csproj", "{67EB6264-50E6-4B64-821C-74EA29A7E920}"
EndProject
Project("{9A19103F-16F7-4668-BE54-9A1E7A4F7556}") = "Cpnucleo.MVC", "src\Cpnucleo.MVC\Cpnucleo.MVC.csproj", "{A164E433-E7C4-4F8A-B791-F89C0DA2C132}"
EndProject
Project("{9A19103F-16F7-4668-BE54-9A1E7A4F7556}") = "Cpnucleo.API.Auth", "src\Cpnucleo.API.Auth\Cpnucleo.API.Auth.csproj", "{A05E85FC-1ADF-4D7A-ADCB-E4690425713D}"
EndProject
Project("{9A19103F-16F7-4668-BE54-9A1E7A4F7556}") = "Cpnucleo.GRPC", "src\Cpnucleo.GRPC\Cpnucleo.GRPC.csproj", "{F08D689F-105E-4BAA-8E0C-1A1A1D03BF0F}"
EndProject
Project("{9A19103F-16F7-4668-BE54-9A1E7A4F7556}") = "Cpnucleo.Application.Test", "src\Cpnucleo.Application.Test\Cpnucleo.Application.Test.csproj", "{88D02F97-8723-4324-ACC4-04DE49F2E66E}"
EndProject
Project("{9A19103F-16F7-4668-BE54-9A1E7A4F7556}") = "Cpnucleo.Infrastructure.Data", "src\Cpnucleo.Infrastructure.Data\Cpnucleo.Infrastructure.Data.csproj", "{F52A9C22-3673-4319-BBDC-E28A624E43B8}"
EndProject
Project("{9A19103F-16F7-4668-BE54-9A1E7A4F7556}") = "Cpnucleo.Shared", "src\Cpnucleo.Shared\Cpnucleo.Shared.csproj", "{107273E6-CF02-4851-8B32-5DFFE8415DDD}"
EndProject
Global
	GlobalSection(SolutionConfigurationPlatforms) = preSolution
		Debug|Any CPU = Debug|Any CPU
		Release|Any CPU = Release|Any CPU
	EndGlobalSection
	GlobalSection(ProjectConfigurationPlatforms) = postSolution
		{91E8903D-ECE5-4018-91E2-A41DA4B5607A}.Debug|Any CPU.ActiveCfg = Debug|Any CPU
		{91E8903D-ECE5-4018-91E2-A41DA4B5607A}.Debug|Any CPU.Build.0 = Debug|Any CPU
		{91E8903D-ECE5-4018-91E2-A41DA4B5607A}.Release|Any CPU.ActiveCfg = Release|Any CPU
		{91E8903D-ECE5-4018-91E2-A41DA4B5607A}.Release|Any CPU.Build.0 = Release|Any CPU
		{F0A8F477-DD50-441F-BEE4-A848B21DE4C6}.Debug|Any CPU.ActiveCfg = Debug|Any CPU
		{F0A8F477-DD50-441F-BEE4-A848B21DE4C6}.Debug|Any CPU.Build.0 = Debug|Any CPU
		{F0A8F477-DD50-441F-BEE4-A848B21DE4C6}.Release|Any CPU.ActiveCfg = Release|Any CPU
		{F0A8F477-DD50-441F-BEE4-A848B21DE4C6}.Release|Any CPU.Build.0 = Release|Any CPU
		{14382D56-F01B-4E9C-90FC-4F73B9137310}.Debug|Any CPU.ActiveCfg = Debug|Any CPU
		{14382D56-F01B-4E9C-90FC-4F73B9137310}.Debug|Any CPU.Build.0 = Debug|Any CPU
		{14382D56-F01B-4E9C-90FC-4F73B9137310}.Release|Any CPU.ActiveCfg = Release|Any CPU
		{14382D56-F01B-4E9C-90FC-4F73B9137310}.Release|Any CPU.Build.0 = Release|Any CPU
		{06D55D49-7849-4413-A0A6-784C0C9F4C19}.Debug|Any CPU.ActiveCfg = Debug|Any CPU
		{06D55D49-7849-4413-A0A6-784C0C9F4C19}.Debug|Any CPU.Build.0 = Debug|Any CPU
		{06D55D49-7849-4413-A0A6-784C0C9F4C19}.Release|Any CPU.ActiveCfg = Release|Any CPU
		{06D55D49-7849-4413-A0A6-784C0C9F4C19}.Release|Any CPU.Build.0 = Release|Any CPU
		{67EB6264-50E6-4B64-821C-74EA29A7E920}.Debug|Any CPU.ActiveCfg = Debug|Any CPU
		{67EB6264-50E6-4B64-821C-74EA29A7E920}.Debug|Any CPU.Build.0 = Debug|Any CPU
		{67EB6264-50E6-4B64-821C-74EA29A7E920}.Release|Any CPU.ActiveCfg = Release|Any CPU
		{67EB6264-50E6-4B64-821C-74EA29A7E920}.Release|Any CPU.Build.0 = Release|Any CPU
		{A164E433-E7C4-4F8A-B791-F89C0DA2C132}.Debug|Any CPU.ActiveCfg = Debug|Any CPU
		{A164E433-E7C4-4F8A-B791-F89C0DA2C132}.Debug|Any CPU.Build.0 = Debug|Any CPU
		{A164E433-E7C4-4F8A-B791-F89C0DA2C132}.Release|Any CPU.ActiveCfg = Release|Any CPU
		{A164E433-E7C4-4F8A-B791-F89C0DA2C132}.Release|Any CPU.Build.0 = Release|Any CPU
		{A05E85FC-1ADF-4D7A-ADCB-E4690425713D}.Debug|Any CPU.ActiveCfg = Debug|Any CPU
		{A05E85FC-1ADF-4D7A-ADCB-E4690425713D}.Debug|Any CPU.Build.0 = Debug|Any CPU
		{A05E85FC-1ADF-4D7A-ADCB-E4690425713D}.Release|Any CPU.ActiveCfg = Release|Any CPU
		{A05E85FC-1ADF-4D7A-ADCB-E4690425713D}.Release|Any CPU.Build.0 = Release|Any CPU
		{F08D689F-105E-4BAA-8E0C-1A1A1D03BF0F}.Debug|Any CPU.ActiveCfg = Debug|Any CPU
		{F08D689F-105E-4BAA-8E0C-1A1A1D03BF0F}.Debug|Any CPU.Build.0 = Debug|Any CPU
		{F08D689F-105E-4BAA-8E0C-1A1A1D03BF0F}.Release|Any CPU.ActiveCfg = Release|Any CPU
		{F08D689F-105E-4BAA-8E0C-1A1A1D03BF0F}.Release|Any CPU.Build.0 = Release|Any CPU
		{88D02F97-8723-4324-ACC4-04DE49F2E66E}.Debug|Any CPU.ActiveCfg = Debug|Any CPU
		{88D02F97-8723-4324-ACC4-04DE49F2E66E}.Debug|Any CPU.Build.0 = Debug|Any CPU
		{88D02F97-8723-4324-ACC4-04DE49F2E66E}.Release|Any CPU.ActiveCfg = Release|Any CPU
		{88D02F97-8723-4324-ACC4-04DE49F2E66E}.Release|Any CPU.Build.0 = Release|Any CPU
		{F52A9C22-3673-4319-BBDC-E28A624E43B8}.Debug|Any CPU.ActiveCfg = Debug|Any CPU
		{F52A9C22-3673-4319-BBDC-E28A624E43B8}.Debug|Any CPU.Build.0 = Debug|Any CPU
		{F52A9C22-3673-4319-BBDC-E28A624E43B8}.Release|Any CPU.ActiveCfg = Release|Any CPU
		{F52A9C22-3673-4319-BBDC-E28A624E43B8}.Release|Any CPU.Build.0 = Release|Any CPU
		{107273E6-CF02-4851-8B32-5DFFE8415DDD}.Debug|Any CPU.ActiveCfg = Debug|Any CPU
		{107273E6-CF02-4851-8B32-5DFFE8415DDD}.Debug|Any CPU.Build.0 = Debug|Any CPU
		{107273E6-CF02-4851-8B32-5DFFE8415DDD}.Release|Any CPU.ActiveCfg = Release|Any CPU
		{107273E6-CF02-4851-8B32-5DFFE8415DDD}.Release|Any CPU.Build.0 = Release|Any CPU
	EndGlobalSection
	GlobalSection(SolutionProperties) = preSolution
		HideSolutionNode = FALSE
	EndGlobalSection
	GlobalSection(NestedProjects) = preSolution
		{12A4173B-9423-4137-AC9C-D07D892493C0} = {71EC472F-C43B-4999-8C29-D624B0616E10}
		{11243658-E0A8-43BB-B3DC-DAD16ADAA4D1} = {71EC472F-C43B-4999-8C29-D624B0616E10}
		{B96BB013-6B3C-4B0B-A6F1-ECC00FEEB226} = {71EC472F-C43B-4999-8C29-D624B0616E10}
		{343708C7-725F-4B06-AD6F-D4D9674C2C8C} = {71EC472F-C43B-4999-8C29-D624B0616E10}
		{91E8903D-ECE5-4018-91E2-A41DA4B5607A} = {B96BB013-6B3C-4B0B-A6F1-ECC00FEEB226}
		{F0A8F477-DD50-441F-BEE4-A848B21DE4C6} = {11243658-E0A8-43BB-B3DC-DAD16ADAA4D1}
		{14382D56-F01B-4E9C-90FC-4F73B9137310} = {12A4173B-9423-4137-AC9C-D07D892493C0}
		{06D55D49-7849-4413-A0A6-784C0C9F4C19} = {12A4173B-9423-4137-AC9C-D07D892493C0}
		{5AF7028A-8D26-4F15-BB4D-15E9444EF5FE} = {71EC472F-C43B-4999-8C29-D624B0616E10}
		{67EB6264-50E6-4B64-821C-74EA29A7E920} = {5AF7028A-8D26-4F15-BB4D-15E9444EF5FE}
		{A164E433-E7C4-4F8A-B791-F89C0DA2C132} = {12A4173B-9423-4137-AC9C-D07D892493C0}
		{A05E85FC-1ADF-4D7A-ADCB-E4690425713D} = {11243658-E0A8-43BB-B3DC-DAD16ADAA4D1}
		{F08D689F-105E-4BAA-8E0C-1A1A1D03BF0F} = {11243658-E0A8-43BB-B3DC-DAD16ADAA4D1}
		{88D02F97-8723-4324-ACC4-04DE49F2E66E} = {5AF7028A-8D26-4F15-BB4D-15E9444EF5FE}
		{F52A9C22-3673-4319-BBDC-E28A624E43B8} = {343708C7-725F-4B06-AD6F-D4D9674C2C8C}
		{107273E6-CF02-4851-8B32-5DFFE8415DDD} = {343708C7-725F-4B06-AD6F-D4D9674C2C8C}
	EndGlobalSection
	GlobalSection(ExtensibilityGlobals) = postSolution
		SolutionGuid = {675F3075-5730-40F7-A628-6AE3BDBDFBB1}
	EndGlobalSection
EndGlobal
