
Microsoft Visual Studio Solution File, Format Version 12.00
# Visual Studio Version 17
VisualStudioVersion = 17.5.002.0
MinimumVisualStudioVersion = 10.0.40219.1
Project("{2150E333-8FDC-42A3-9474-1A3956D46DE8}") = "src", "src", "{37DE5221-F973-45B7-A37D-D41A3EC7799F}"
EndProject
Project("{9A19103F-16F7-4668-BE54-9A1E7A4F7556}") = "Application", "src\Application\Application.csproj", "{DDB0EC97-2ACF-4003-B5F1-00229403E0B1}"
EndProject
Project("{9A19103F-16F7-4668-BE54-9A1E7A4F7556}") = "Infrastructure", "src\Infrastructure\Infrastructure.csproj", "{5FDCD548-5C57-4C2D-BBF2-168E8F910727}"
EndProject
Project("{9A19103F-16F7-4668-BE54-9A1E7A4F7556}") = "Domain", "src\Domain\Domain.csproj", "{A0286404-4F0D-4C65-87BD-2EC958F5C7B6}"
EndProject
Project("{2150E333-8FDC-42A3-9474-1A3956D46DE8}") = "test", "test", "{FF50E5C4-1F07-4C66-9A41-5551D4117A89}"
EndProject
Project("{9A19103F-16F7-4668-BE54-9A1E7A4F7556}") = "Application.Tests", "test\Application.Tests\Application.Tests.csproj", "{BE3EF3C6-6DEE-4353-A09A-D5DF5C320278}"
EndProject
Project("{9A19103F-16F7-4668-BE54-9A1E7A4F7556}") = "Architecture.Tests", "test\Architecture.Tests\Architecture.Tests.csproj", "{9A9B0485-DF2B-4E9C-A779-6CBB2D3A34D0}"
EndProject
Project("{9A19103F-16F7-4668-BE54-9A1E7A4F7556}") = "WebApi", "src\WebApi\WebApi.csproj", "{DB049B72-0034-484E-A5DF-6DD1CD2188FF}"
EndProject
Project("{FAE04EC0-301F-11D3-BF4B-00C04F79EFBC}") = "IdentityApi", "src\IdentityApi\IdentityApi.csproj", "{406CD764-248E-49AE-BC0B-564DD3F3A25D}"
EndProject
Project("{FAE04EC0-301F-11D3-BF4B-00C04F79EFBC}") = "Integration.Tests", "test\Integration.Tests\Integration.Tests.csproj", "{9BEAC076-D98F-4890-81E4-DA815A8FFBBD}"
EndProject
Project("{FAE04EC0-301F-11D3-BF4B-00C04F79EFBC}") = "Stress.Tests", "test\Stress.Tests\Stress.Tests.csproj", "{BD0226F7-755D-4AB2-9F59-31EEF22811D4}"
EndProject
Global
	GlobalSection(SolutionConfigurationPlatforms) = preSolution
		Debug|Any CPU = Debug|Any CPU
		Release|Any CPU = Release|Any CPU
	EndGlobalSection
	GlobalSection(ProjectConfigurationPlatforms) = postSolution
		{DDB0EC97-2ACF-4003-B5F1-00229403E0B1}.Debug|Any CPU.ActiveCfg = Debug|Any CPU
		{DDB0EC97-2ACF-4003-B5F1-00229403E0B1}.Debug|Any CPU.Build.0 = Debug|Any CPU
		{DDB0EC97-2ACF-4003-B5F1-00229403E0B1}.Release|Any CPU.ActiveCfg = Release|Any CPU
		{DDB0EC97-2ACF-4003-B5F1-00229403E0B1}.Release|Any CPU.Build.0 = Release|Any CPU
		{5FDCD548-5C57-4C2D-BBF2-168E8F910727}.Debug|Any CPU.ActiveCfg = Debug|Any CPU
		{5FDCD548-5C57-4C2D-BBF2-168E8F910727}.Debug|Any CPU.Build.0 = Debug|Any CPU
		{5FDCD548-5C57-4C2D-BBF2-168E8F910727}.Release|Any CPU.ActiveCfg = Release|Any CPU
		{5FDCD548-5C57-4C2D-BBF2-168E8F910727}.Release|Any CPU.Build.0 = Release|Any CPU
		{A0286404-4F0D-4C65-87BD-2EC958F5C7B6}.Debug|Any CPU.ActiveCfg = Debug|Any CPU
		{A0286404-4F0D-4C65-87BD-2EC958F5C7B6}.Debug|Any CPU.Build.0 = Debug|Any CPU
		{A0286404-4F0D-4C65-87BD-2EC958F5C7B6}.Release|Any CPU.ActiveCfg = Release|Any CPU
		{A0286404-4F0D-4C65-87BD-2EC958F5C7B6}.Release|Any CPU.Build.0 = Release|Any CPU
		{BE3EF3C6-6DEE-4353-A09A-D5DF5C320278}.Debug|Any CPU.ActiveCfg = Debug|Any CPU
		{BE3EF3C6-6DEE-4353-A09A-D5DF5C320278}.Debug|Any CPU.Build.0 = Debug|Any CPU
		{BE3EF3C6-6DEE-4353-A09A-D5DF5C320278}.Release|Any CPU.ActiveCfg = Release|Any CPU
		{BE3EF3C6-6DEE-4353-A09A-D5DF5C320278}.Release|Any CPU.Build.0 = Release|Any CPU
		{9A9B0485-DF2B-4E9C-A779-6CBB2D3A34D0}.Debug|Any CPU.ActiveCfg = Debug|Any CPU
		{9A9B0485-DF2B-4E9C-A779-6CBB2D3A34D0}.Debug|Any CPU.Build.0 = Debug|Any CPU
		{9A9B0485-DF2B-4E9C-A779-6CBB2D3A34D0}.Release|Any CPU.ActiveCfg = Release|Any CPU
		{9A9B0485-DF2B-4E9C-A779-6CBB2D3A34D0}.Release|Any CPU.Build.0 = Release|Any CPU
		{DB049B72-0034-484E-A5DF-6DD1CD2188FF}.Debug|Any CPU.ActiveCfg = Debug|Any CPU
		{DB049B72-0034-484E-A5DF-6DD1CD2188FF}.Debug|Any CPU.Build.0 = Debug|Any CPU
		{DB049B72-0034-484E-A5DF-6DD1CD2188FF}.Release|Any CPU.ActiveCfg = Release|Any CPU
		{DB049B72-0034-484E-A5DF-6DD1CD2188FF}.Release|Any CPU.Build.0 = Release|Any CPU
		{406CD764-248E-49AE-BC0B-564DD3F3A25D}.Debug|Any CPU.ActiveCfg = Debug|Any CPU
		{406CD764-248E-49AE-BC0B-564DD3F3A25D}.Debug|Any CPU.Build.0 = Debug|Any CPU
		{406CD764-248E-49AE-BC0B-564DD3F3A25D}.Release|Any CPU.ActiveCfg = Release|Any CPU
		{406CD764-248E-49AE-BC0B-564DD3F3A25D}.Release|Any CPU.Build.0 = Release|Any CPU
		{9BEAC076-D98F-4890-81E4-DA815A8FFBBD}.Debug|Any CPU.ActiveCfg = Debug|Any CPU
		{9BEAC076-D98F-4890-81E4-DA815A8FFBBD}.Debug|Any CPU.Build.0 = Debug|Any CPU
		{9BEAC076-D98F-4890-81E4-DA815A8FFBBD}.Release|Any CPU.ActiveCfg = Release|Any CPU
		{9BEAC076-D98F-4890-81E4-DA815A8FFBBD}.Release|Any CPU.Build.0 = Release|Any CPU
		{BD0226F7-755D-4AB2-9F59-31EEF22811D4}.Debug|Any CPU.ActiveCfg = Debug|Any CPU
		{BD0226F7-755D-4AB2-9F59-31EEF22811D4}.Debug|Any CPU.Build.0 = Debug|Any CPU
		{BD0226F7-755D-4AB2-9F59-31EEF22811D4}.Release|Any CPU.ActiveCfg = Release|Any CPU
		{BD0226F7-755D-4AB2-9F59-31EEF22811D4}.Release|Any CPU.Build.0 = Release|Any CPU
	EndGlobalSection
	GlobalSection(SolutionProperties) = preSolution
		HideSolutionNode = FALSE
	EndGlobalSection
	GlobalSection(NestedProjects) = preSolution
		{DDB0EC97-2ACF-4003-B5F1-00229403E0B1} = {37DE5221-F973-45B7-A37D-D41A3EC7799F}
		{5FDCD548-5C57-4C2D-BBF2-168E8F910727} = {37DE5221-F973-45B7-A37D-D41A3EC7799F}
		{A0286404-4F0D-4C65-87BD-2EC958F5C7B6} = {37DE5221-F973-45B7-A37D-D41A3EC7799F}
		{BE3EF3C6-6DEE-4353-A09A-D5DF5C320278} = {FF50E5C4-1F07-4C66-9A41-5551D4117A89}
		{9A9B0485-DF2B-4E9C-A779-6CBB2D3A34D0} = {FF50E5C4-1F07-4C66-9A41-5551D4117A89}
		{DB049B72-0034-484E-A5DF-6DD1CD2188FF} = {37DE5221-F973-45B7-A37D-D41A3EC7799F}
		{406CD764-248E-49AE-BC0B-564DD3F3A25D} = {37DE5221-F973-45B7-A37D-D41A3EC7799F}
		{9BEAC076-D98F-4890-81E4-DA815A8FFBBD} = {FF50E5C4-1F07-4C66-9A41-5551D4117A89}
		{BD0226F7-755D-4AB2-9F59-31EEF22811D4} = {FF50E5C4-1F07-4C66-9A41-5551D4117A89}
	EndGlobalSection
	GlobalSection(ExtensibilityGlobals) = postSolution
		SolutionGuid = {67D12B99-842B-438C-B494-CE6FB10E33F1}
	EndGlobalSection
EndGlobal
