Microsoft Visual Studio Solution File, Format Version 12.00
# Visual Studio Version 17
VisualStudioVersion = 17.5.2.0
MinimumVisualStudioVersion = 10.0.40219.1
Project("{2150E333-8FDC-42A3-9474-1A3956D46DE8}") = "src", "src", "{827E0CD3-B72D-47B6-A68D-7590B98EB39B}"
EndProject
Project("{2150E333-8FDC-42A3-9474-1A3956D46DE8}") = "test", "test", "{0C88DD14-F956-CE84-757C-A364CCF449FC}"
EndProject
Project("{FAE04EC0-301F-11D3-BF4B-00C04F79EFBC}") = "Domain", "src\Domain\Domain.csproj", "{87EDA1D2-4B5B-E524-38CE-D0BFCA5F4D6B}"
EndProject
Project("{FAE04EC0-301F-11D3-BF4B-00C04F79EFBC}") = "GrpcServer", "src\GrpcServer\GrpcServer.csproj", "{6D4A14C7-33F3-B496-E782-4CB33BC4AB4A}"
EndProject
Project("{FAE04EC0-301F-11D3-BF4B-00C04F79EFBC}") = "GrpcServer.Contracts", "src\GrpcServer.Contracts\GrpcServer.Contracts.csproj", "{74346A84-4924-FC07-61AB-0E387D0B304E}"
EndProject
Project("{FAE04EC0-301F-11D3-BF4B-00C04F79EFBC}") = "IdentityApi", "src\IdentityApi\IdentityApi.csproj", "{FCEC796C-C1C6-F317-2E44-A551DDAA3B29}"
EndProject
Project("{FAE04EC0-301F-11D3-BF4B-00C04F79EFBC}") = "Infrastructure", "src\Infrastructure\Infrastructure.csproj", "{3D745DFE-AF9A-E111-755D-FD3FFF280728}"
EndProject
Project("{FAE04EC0-301F-11D3-BF4B-00C04F79EFBC}") = "WebApi", "src\WebApi\WebApi.csproj", "{1B0A04C3-E6BC-0FB7-7994-7C99BDAB1788}"
EndProject
Project("{FAE04EC0-301F-11D3-BF4B-00C04F79EFBC}") = "WebClient", "src\WebClient\WebClient.csproj", "{F423AD53-EF36-107F-62F2-7B3F066E7A0F}"
EndProject
Project("{FAE04EC0-301F-11D3-BF4B-00C04F79EFBC}") = "Architecture.Tests", "test\Architecture.Tests\Architecture.Tests.csproj", "{E234122C-BF8C-7410-A225-2F3BA2829353}"
EndProject
Project("{FAE04EC0-301F-11D3-BF4B-00C04F79EFBC}") = "WebApi.Integration.Tests", "test\WebApi.Integration.Tests\WebApi.Integration.Tests.csproj", "{FB73C3BC-08DD-3A90-4B27-BFB03BE6A53C}"
EndProject
Project("{FAE04EC0-301F-11D3-BF4B-00C04F79EFBC}") = "WebApi.Unit.Tests", "test\WebApi.Unit.Tests\WebApi.Unit.Tests.csproj", "{B78E4B22-6139-E544-0690-B2157C255C0C}"
EndProject
Global
	GlobalSection(SolutionConfigurationPlatforms) = preSolution
		Debug|Any CPU = Debug|Any CPU
		Release|Any CPU = Release|Any CPU
	EndGlobalSection
	GlobalSection(ProjectConfigurationPlatforms) = postSolution
		{87EDA1D2-4B5B-E524-38CE-D0BFCA5F4D6B}.Debug|Any CPU.ActiveCfg = Debug|Any CPU
		{87EDA1D2-4B5B-E524-38CE-D0BFCA5F4D6B}.Debug|Any CPU.Build.0 = Debug|Any CPU
		{87EDA1D2-4B5B-E524-38CE-D0BFCA5F4D6B}.Release|Any CPU.ActiveCfg = Release|Any CPU
		{87EDA1D2-4B5B-E524-38CE-D0BFCA5F4D6B}.Release|Any CPU.Build.0 = Release|Any CPU
		{6D4A14C7-33F3-B496-E782-4CB33BC4AB4A}.Debug|Any CPU.ActiveCfg = Debug|Any CPU
		{6D4A14C7-33F3-B496-E782-4CB33BC4AB4A}.Debug|Any CPU.Build.0 = Debug|Any CPU
		{6D4A14C7-33F3-B496-E782-4CB33BC4AB4A}.Release|Any CPU.ActiveCfg = Release|Any CPU
		{6D4A14C7-33F3-B496-E782-4CB33BC4AB4A}.Release|Any CPU.Build.0 = Release|Any CPU
		{74346A84-4924-FC07-61AB-0E387D0B304E}.Debug|Any CPU.ActiveCfg = Debug|Any CPU
		{74346A84-4924-FC07-61AB-0E387D0B304E}.Debug|Any CPU.Build.0 = Debug|Any CPU
		{74346A84-4924-FC07-61AB-0E387D0B304E}.Release|Any CPU.ActiveCfg = Release|Any CPU
		{74346A84-4924-FC07-61AB-0E387D0B304E}.Release|Any CPU.Build.0 = Release|Any CPU
		{FCEC796C-C1C6-F317-2E44-A551DDAA3B29}.Debug|Any CPU.ActiveCfg = Debug|Any CPU
		{FCEC796C-C1C6-F317-2E44-A551DDAA3B29}.Debug|Any CPU.Build.0 = Debug|Any CPU
		{FCEC796C-C1C6-F317-2E44-A551DDAA3B29}.Release|Any CPU.ActiveCfg = Release|Any CPU
		{FCEC796C-C1C6-F317-2E44-A551DDAA3B29}.Release|Any CPU.Build.0 = Release|Any CPU
		{3D745DFE-AF9A-E111-755D-FD3FFF280728}.Debug|Any CPU.ActiveCfg = Debug|Any CPU
		{3D745DFE-AF9A-E111-755D-FD3FFF280728}.Debug|Any CPU.Build.0 = Debug|Any CPU
		{3D745DFE-AF9A-E111-755D-FD3FFF280728}.Release|Any CPU.ActiveCfg = Release|Any CPU
		{3D745DFE-AF9A-E111-755D-FD3FFF280728}.Release|Any CPU.Build.0 = Release|Any CPU
		{1B0A04C3-E6BC-0FB7-7994-7C99BDAB1788}.Debug|Any CPU.ActiveCfg = Debug|Any CPU
		{1B0A04C3-E6BC-0FB7-7994-7C99BDAB1788}.Debug|Any CPU.Build.0 = Debug|Any CPU
		{1B0A04C3-E6BC-0FB7-7994-7C99BDAB1788}.Release|Any CPU.ActiveCfg = Release|Any CPU
		{1B0A04C3-E6BC-0FB7-7994-7C99BDAB1788}.Release|Any CPU.Build.0 = Release|Any CPU
		{F423AD53-EF36-107F-62F2-7B3F066E7A0F}.Debug|Any CPU.ActiveCfg = Debug|Any CPU
		{F423AD53-EF36-107F-62F2-7B3F066E7A0F}.Debug|Any CPU.Build.0 = Debug|Any CPU
		{F423AD53-EF36-107F-62F2-7B3F066E7A0F}.Release|Any CPU.ActiveCfg = Release|Any CPU
		{F423AD53-EF36-107F-62F2-7B3F066E7A0F}.Release|Any CPU.Build.0 = Release|Any CPU
		{E234122C-BF8C-7410-A225-2F3BA2829353}.Debug|Any CPU.ActiveCfg = Debug|Any CPU
		{E234122C-BF8C-7410-A225-2F3BA2829353}.Debug|Any CPU.Build.0 = Debug|Any CPU
		{E234122C-BF8C-7410-A225-2F3BA2829353}.Release|Any CPU.ActiveCfg = Release|Any CPU
		{E234122C-BF8C-7410-A225-2F3BA2829353}.Release|Any CPU.Build.0 = Release|Any CPU
		{FB73C3BC-08DD-3A90-4B27-BFB03BE6A53C}.Debug|Any CPU.ActiveCfg = Debug|Any CPU
		{FB73C3BC-08DD-3A90-4B27-BFB03BE6A53C}.Debug|Any CPU.Build.0 = Debug|Any CPU
		{FB73C3BC-08DD-3A90-4B27-BFB03BE6A53C}.Release|Any CPU.ActiveCfg = Release|Any CPU
		{FB73C3BC-08DD-3A90-4B27-BFB03BE6A53C}.Release|Any CPU.Build.0 = Release|Any CPU
		{B78E4B22-6139-E544-0690-B2157C255C0C}.Debug|Any CPU.ActiveCfg = Debug|Any CPU
		{B78E4B22-6139-E544-0690-B2157C255C0C}.Debug|Any CPU.Build.0 = Debug|Any CPU
		{B78E4B22-6139-E544-0690-B2157C255C0C}.Release|Any CPU.ActiveCfg = Release|Any CPU
		{B78E4B22-6139-E544-0690-B2157C255C0C}.Release|Any CPU.Build.0 = Release|Any CPU
	EndGlobalSection
	GlobalSection(SolutionProperties) = preSolution
		HideSolutionNode = FALSE
	EndGlobalSection
	GlobalSection(NestedProjects) = preSolution
		{87EDA1D2-4B5B-E524-38CE-D0BFCA5F4D6B} = {827E0CD3-B72D-47B6-A68D-7590B98EB39B}
		{6D4A14C7-33F3-B496-E782-4CB33BC4AB4A} = {827E0CD3-B72D-47B6-A68D-7590B98EB39B}
		{74346A84-4924-FC07-61AB-0E387D0B304E} = {827E0CD3-B72D-47B6-A68D-7590B98EB39B}
		{FCEC796C-C1C6-F317-2E44-A551DDAA3B29} = {827E0CD3-B72D-47B6-A68D-7590B98EB39B}
		{3D745DFE-AF9A-E111-755D-FD3FFF280728} = {827E0CD3-B72D-47B6-A68D-7590B98EB39B}
		{1B0A04C3-E6BC-0FB7-7994-7C99BDAB1788} = {827E0CD3-B72D-47B6-A68D-7590B98EB39B}
		{F423AD53-EF36-107F-62F2-7B3F066E7A0F} = {827E0CD3-B72D-47B6-A68D-7590B98EB39B}
		{E234122C-BF8C-7410-A225-2F3BA2829353} = {0C88DD14-F956-CE84-757C-A364CCF449FC}
		{FB73C3BC-08DD-3A90-4B27-BFB03BE6A53C} = {0C88DD14-F956-CE84-757C-A364CCF449FC}
		{B78E4B22-6139-E544-0690-B2157C255C0C} = {0C88DD14-F956-CE84-757C-A364CCF449FC}
	EndGlobalSection
	GlobalSection(ExtensibilityGlobals) = postSolution
		SolutionGuid = {5DE4D9D6-27D1-4074-AAEC-895A86494C89}
	EndGlobalSection
EndGlobal
