
Microsoft Visual Studio Solution File, Format Version 12.00
# Visual Studio 15
VisualStudioVersion = 15.0.27004.2006
MinimumVisualStudioVersion = 10.0.40219.1
Project("{9A19103F-16F7-4668-BE54-9A1E7A4F7556}") = "dotnet-cpnucleo-pages", "dotnet-cpnucleo-pages.csproj", "{01F69B24-3C71-4C1D-9E1D-270E2019CBA0}"
EndProject
Global
	GlobalSection(SolutionConfigurationPlatforms) = preSolution
		Debug|Any CPU = Debug|Any CPU
		Release|Any CPU = Release|Any CPU
	EndGlobalSection
	GlobalSection(ProjectConfigurationPlatforms) = postSolution
		{01F69B24-3C71-4C1D-9E1D-270E2019CBA0}.Debug|Any CPU.ActiveCfg = Debug|Any CPU
		{01F69B24-3C71-4C1D-9E1D-270E2019CBA0}.Debug|Any CPU.Build.0 = Debug|Any CPU
		{01F69B24-3C71-4C1D-9E1D-270E2019CBA0}.Release|Any CPU.ActiveCfg = Release|Any CPU
		{01F69B24-3C71-4C1D-9E1D-270E2019CBA0}.Release|Any CPU.Build.0 = Release|Any CPU
	EndGlobalSection
	GlobalSection(SolutionProperties) = preSolution
		HideSolutionNode = FALSE
	EndGlobalSection
	GlobalSection(ExtensibilityGlobals) = postSolution
		SolutionGuid = {2F35E662-8813-48BA-A9A5-24086B99CDEA}
	EndGlobalSection
EndGlobal
